
Microsoft Visual Studio Solution File, Format Version 12.00
# Visual Studio Version 17
VisualStudioVersion = 17.4.33213.308
MinimumVisualStudioVersion = 10.0.40219.1
Project("{8BC9CEB8-8B4A-11D0-8D11-00A0C91BC942}") = "Guitar Player", "Guitar Player.vcxproj", "{D3E15BAE-8757-4564-8EC9-71B38329496C}"
EndProject
Project("{FAE04EC0-301F-11D3-BF4B-00C04F79EFBC}") = "MIDIProcessor", "..\MIDIProcessor\MIDIProcessor.csproj", "{FD68EB48-32E9-42FB-8492-5916DFE67F7F}"
EndProject
Global
	GlobalSection(SolutionConfigurationPlatforms) = preSolution
		Debug|Any CPU = Debug|Any CPU
		Debug|x64 = Debug|x64
		Debug|x86 = Debug|x86
		Release|Any CPU = Release|Any CPU
		Release|x64 = Release|x64
		Release|x86 = Release|x86
	EndGlobalSection
	GlobalSection(ProjectConfigurationPlatforms) = postSolution
		{D3E15BAE-8757-4564-8EC9-71B38329496C}.Debug|Any CPU.ActiveCfg = Debug|x64
		{D3E15BAE-8757-4564-8EC9-71B38329496C}.Debug|Any CPU.Build.0 = Debug|x64
		{D3E15BAE-8757-4564-8EC9-71B38329496C}.Debug|x64.ActiveCfg = Debug|x64
		{D3E15BAE-8757-4564-8EC9-71B38329496C}.Debug|x64.Build.0 = Debug|x64
		{D3E15BAE-8757-4564-8EC9-71B38329496C}.Debug|x86.ActiveCfg = Debug|Win32
		{D3E15BAE-8757-4564-8EC9-71B38329496C}.Debug|x86.Build.0 = Debug|Win32
		{D3E15BAE-8757-4564-8EC9-71B38329496C}.Release|Any CPU.ActiveCfg = Release|x64
		{D3E15BAE-8757-4564-8EC9-71B38329496C}.Release|Any CPU.Build.0 = Release|x64
		{D3E15BAE-8757-4564-8EC9-71B38329496C}.Release|x64.ActiveCfg = Release|x64
		{D3E15BAE-8757-4564-8EC9-71B38329496C}.Release|x64.Build.0 = Release|x64
		{D3E15BAE-8757-4564-8EC9-71B38329496C}.Release|x86.ActiveCfg = Release|Win32
		{D3E15BAE-8757-4564-8EC9-71B38329496C}.Release|x86.Build.0 = Release|Win32
		{FD68EB48-32E9-42FB-8492-5916DFE67F7F}.Debug|Any CPU.ActiveCfg = Debug|Any CPU
		{FD68EB48-32E9-42FB-8492-5916DFE67F7F}.Debug|Any CPU.Build.0 = Debug|Any CPU
		{FD68EB48-32E9-42FB-8492-5916DFE67F7F}.Debug|x64.ActiveCfg = Debug|Any CPU
		{FD68EB48-32E9-42FB-8492-5916DFE67F7F}.Debug|x64.Build.0 = Debug|Any CPU
		{FD68EB48-32E9-42FB-8492-5916DFE67F7F}.Debug|x86.ActiveCfg = Debug|Any CPU
		{FD68EB48-32E9-42FB-8492-5916DFE67F7F}.Debug|x86.Build.0 = Debug|Any CPU
		{FD68EB48-32E9-42FB-8492-5916DFE67F7F}.Release|Any CPU.ActiveCfg = Release|Any CPU
		{FD68EB48-32E9-42FB-8492-5916DFE67F7F}.Release|Any CPU.Build.0 = Release|Any CPU
		{FD68EB48-32E9-42FB-8492-5916DFE67F7F}.Release|x64.ActiveCfg = Release|Any CPU
		{FD68EB48-32E9-42FB-8492-5916DFE67F7F}.Release|x64.Build.0 = Release|Any CPU
		{FD68EB48-32E9-42FB-8492-5916DFE67F7F}.Release|x86.ActiveCfg = Release|Any CPU
		{FD68EB48-32E9-42FB-8492-5916DFE67F7F}.Release|x86.Build.0 = Release|Any CPU
	EndGlobalSection
	GlobalSection(SolutionProperties) = preSolution
		HideSolutionNode = FALSE
	EndGlobalSection
	GlobalSection(ExtensibilityGlobals) = postSolution
		SolutionGuid = {F2300F4F-3695-42B1-99CC-39A5D51C59AC}
	EndGlobalSection
EndGlobal
